
Microsoft Visual Studio Solution File, Format Version 12.00
# Visual Studio 15
VisualStudioVersion = 15.0.27428.1
MinimumVisualStudioVersion = 10.0.40219.1
Project("{FAE04EC0-301F-11D3-BF4B-00C04F79EFBC}") = "WPF_Rounded_corner_window", "WPF_Rounded_corner_window\WPF_Rounded_corner_window.csproj", "{686BCA31-F635-4D22-A49F-EFF998E9B656}"
EndProject
Global
	GlobalSection(SolutionConfigurationPlatforms) = preSolution
		Debug|Any CPU = Debug|Any CPU
		Release|Any CPU = Release|Any CPU
	EndGlobalSection
	GlobalSection(ProjectConfigurationPlatforms) = postSolution
		{686BCA31-F635-4D22-A49F-EFF998E9B656}.Debug|Any CPU.ActiveCfg = Debug|Any CPU
		{686BCA31-F635-4D22-A49F-EFF998E9B656}.Debug|Any CPU.Build.0 = Debug|Any CPU
		{686BCA31-F635-4D22-A49F-EFF998E9B656}.Release|Any CPU.ActiveCfg = Release|Any CPU
		{686BCA31-F635-4D22-A49F-EFF998E9B656}.Release|Any CPU.Build.0 = Release|Any CPU
	EndGlobalSection
	GlobalSection(SolutionProperties) = preSolution
		HideSolutionNode = FALSE
	EndGlobalSection
	GlobalSection(ExtensibilityGlobals) = postSolution
		SolutionGuid = {E61035CE-8946-49D0-947D-2655D130DBE1}
	EndGlobalSection
EndGlobal
